// !$*UTF8*$!
{
	archiveVersion = 1;
	classes = {
	};
	objectVersion = 50;
	objects = {

/* Begin PBXBuildFile section */
		4C0DDEC3267CDECF00B2B3BA /* Jade_MainframeApp.swift in Sources */ = {isa = PBXBuildFile; fileRef = 4C0DDEC2267CDECF00B2B3BA /* Jade_MainframeApp.swift */; };
		4C0DDEC5267CDECF00B2B3BA /* ContentView.swift in Sources */ = {isa = PBXBuildFile; fileRef = 4C0DDEC4267CDECF00B2B3BA /* ContentView.swift */; };
		4C0DDEC7267CDED000B2B3BA /* Assets.xcassets in Resources */ = {isa = PBXBuildFile; fileRef = 4C0DDEC6267CDED000B2B3BA /* Assets.xcassets */; };
		4C0DDECA267CDED000B2B3BA /* Preview Assets.xcassets in Resources */ = {isa = PBXBuildFile; fileRef = 4C0DDEC9267CDED000B2B3BA /* Preview Assets.xcassets */; };
		4C0DDED8267CF08B00B2B3BA /* TextFieldView.swift in Sources */ = {isa = PBXBuildFile; fileRef = 4C0DDED7267CF08B00B2B3BA /* TextFieldView.swift */; };
		4C0DDEDA267CF6D900B2B3BA /* TextFieldMock.swift in Sources */ = {isa = PBXBuildFile; fileRef = 4C0DDED9267CF6D900B2B3BA /* TextFieldMock.swift */; };
		4C3DC5692680F7CD00E5A297 /* Assets.swift in Sources */ = {isa = PBXBuildFile; fileRef = 4C3DC5672680F7CD00E5A297 /* Assets.swift */; };
		4C3DC56A2680F7CD00E5A297 /* Strings.swift in Sources */ = {isa = PBXBuildFile; fileRef = 4C3DC5682680F7CD00E5A297 /* Strings.swift */; };
		4C3DC56F2680F7FB00E5A297 /* Localizable.strings in Resources */ = {isa = PBXBuildFile; fileRef = 4C3DC56D2680F7FB00E5A297 /* Localizable.strings */; };
		4C713CCB2683D23000D984B3 /* TextFieldViewModel.swift in Sources */ = {isa = PBXBuildFile; fileRef = 4C713CCA2683D23000D984B3 /* TextFieldViewModel.swift */; };
		4C713CD22683E9FC00D984B3 /* CarouselViewModel.swift in Sources */ = {isa = PBXBuildFile; fileRef = 4C713CD12683E9FC00D984B3 /* CarouselViewModel.swift */; };
		4CD7BA812684AF59001E402A /* SearchBarViewModel.swift in Sources */ = {isa = PBXBuildFile; fileRef = 4CD7BA802684AF59001E402A /* SearchBarViewModel.swift */; };
		B2B3BDE22682759B002E12D0 /* CarouselView.swift in Sources */ = {isa = PBXBuildFile; fileRef = B2B3BDE12682759B002E12D0 /* CarouselView.swift */; };
		B2B3BDE726836C0A002E12D0 /* Product.swift in Sources */ = {isa = PBXBuildFile; fileRef = B2B3BDE626836C0A002E12D0 /* Product.swift */; };
		B2B3BDE926836C28002E12D0 /* ProductMock.swift in Sources */ = {isa = PBXBuildFile; fileRef = B2B3BDE826836C28002E12D0 /* ProductMock.swift */; };
		B2B3BDEB2683E43A002E12D0 /* SearchBarView.swift in Sources */ = {isa = PBXBuildFile; fileRef = B2B3BDEA2683E43A002E12D0 /* SearchBarView.swift */; };
		B2E6FC092684C00B00B217DA /* priceFormatter.swift in Sources */ = {isa = PBXBuildFile; fileRef = B2E6FC072684BFF600B217DA /* priceFormatter.swift */; };
		C4674802267CE299002CB98D /* README.md in Resources */ = {isa = PBXBuildFile; fileRef = C4674801267CE299002CB98D /* README.md */; };
		F38F8A32D13E83270366D7ED /* Pods_Jade_Mainframe.framework in Frameworks */ = {isa = PBXBuildFile; fileRef = 740EC21700B2FF8B68842D7C /* Pods_Jade_Mainframe.framework */; };
/* End PBXBuildFile section */

/* Begin PBXFileReference section */
		0914DF64E6FEB7C81331838B /* Pods-Jade-Mainframe.release.xcconfig */ = {isa = PBXFileReference; includeInIndex = 1; lastKnownFileType = text.xcconfig; name = "Pods-Jade-Mainframe.release.xcconfig"; path = "Target Support Files/Pods-Jade-Mainframe/Pods-Jade-Mainframe.release.xcconfig"; sourceTree = "<group>"; };
		4C0DDEBF267CDECF00B2B3BA /* Jade-Mainframe.app */ = {isa = PBXFileReference; explicitFileType = wrapper.application; includeInIndex = 0; path = "Jade-Mainframe.app"; sourceTree = BUILT_PRODUCTS_DIR; };
		4C0DDEC2267CDECF00B2B3BA /* Jade_MainframeApp.swift */ = {isa = PBXFileReference; lastKnownFileType = sourcecode.swift; path = Jade_MainframeApp.swift; sourceTree = "<group>"; };
		4C0DDEC4267CDECF00B2B3BA /* ContentView.swift */ = {isa = PBXFileReference; lastKnownFileType = sourcecode.swift; path = ContentView.swift; sourceTree = "<group>"; };
		4C0DDEC6267CDED000B2B3BA /* Assets.xcassets */ = {isa = PBXFileReference; lastKnownFileType = folder.assetcatalog; path = Assets.xcassets; sourceTree = "<group>"; };
		4C0DDEC9267CDED000B2B3BA /* Preview Assets.xcassets */ = {isa = PBXFileReference; lastKnownFileType = folder.assetcatalog; path = "Preview Assets.xcassets"; sourceTree = "<group>"; };
		4C0DDECB267CDED000B2B3BA /* Info.plist */ = {isa = PBXFileReference; lastKnownFileType = text.plist.xml; path = Info.plist; sourceTree = "<group>"; };
		4C0DDED7267CF08B00B2B3BA /* TextFieldView.swift */ = {isa = PBXFileReference; lastKnownFileType = sourcecode.swift; path = TextFieldView.swift; sourceTree = "<group>"; };
		4C0DDED9267CF6D900B2B3BA /* TextFieldMock.swift */ = {isa = PBXFileReference; lastKnownFileType = sourcecode.swift; path = TextFieldMock.swift; sourceTree = "<group>"; };
		4C3DC5602680ED4700E5A297 /* swiftgen.yml */ = {isa = PBXFileReference; lastKnownFileType = text.yaml; path = swiftgen.yml; sourceTree = "<group>"; };
		4C3DC5672680F7CD00E5A297 /* Assets.swift */ = {isa = PBXFileReference; fileEncoding = 4; lastKnownFileType = sourcecode.swift; path = Assets.swift; sourceTree = "<group>"; };
		4C3DC5682680F7CD00E5A297 /* Strings.swift */ = {isa = PBXFileReference; fileEncoding = 4; lastKnownFileType = sourcecode.swift; path = Strings.swift; sourceTree = "<group>"; };
		4C3DC56E2680F7FB00E5A297 /* Base */ = {isa = PBXFileReference; lastKnownFileType = text.plist.strings; name = Base; path = Base.lproj/Localizable.strings; sourceTree = "<group>"; };
		4C713CCA2683D23000D984B3 /* TextFieldViewModel.swift */ = {isa = PBXFileReference; lastKnownFileType = sourcecode.swift; path = TextFieldViewModel.swift; sourceTree = "<group>"; };
		4C713CD12683E9FC00D984B3 /* CarouselViewModel.swift */ = {isa = PBXFileReference; lastKnownFileType = sourcecode.swift; path = CarouselViewModel.swift; sourceTree = "<group>"; };
		4CD7BA802684AF59001E402A /* SearchBarViewModel.swift */ = {isa = PBXFileReference; lastKnownFileType = sourcecode.swift; path = SearchBarViewModel.swift; sourceTree = "<group>"; };
		740EC21700B2FF8B68842D7C /* Pods_Jade_Mainframe.framework */ = {isa = PBXFileReference; explicitFileType = wrapper.framework; includeInIndex = 0; path = Pods_Jade_Mainframe.framework; sourceTree = BUILT_PRODUCTS_DIR; };
		81EFD1C329974506B7B806C3 /* Pods-Jade-Mainframe.debug.xcconfig */ = {isa = PBXFileReference; includeInIndex = 1; lastKnownFileType = text.xcconfig; name = "Pods-Jade-Mainframe.debug.xcconfig"; path = "Target Support Files/Pods-Jade-Mainframe/Pods-Jade-Mainframe.debug.xcconfig"; sourceTree = "<group>"; };
		B2B3BDE12682759B002E12D0 /* CarouselView.swift */ = {isa = PBXFileReference; lastKnownFileType = sourcecode.swift; path = CarouselView.swift; sourceTree = "<group>"; };
		B2B3BDE626836C0A002E12D0 /* Product.swift */ = {isa = PBXFileReference; lastKnownFileType = sourcecode.swift; path = Product.swift; sourceTree = "<group>"; };
		B2B3BDE826836C28002E12D0 /* ProductMock.swift */ = {isa = PBXFileReference; lastKnownFileType = sourcecode.swift; path = ProductMock.swift; sourceTree = "<group>"; };
		B2B3BDEA2683E43A002E12D0 /* SearchBarView.swift */ = {isa = PBXFileReference; lastKnownFileType = sourcecode.swift; path = SearchBarView.swift; sourceTree = "<group>"; };
		B2E6FC072684BFF600B217DA /* priceFormatter.swift */ = {isa = PBXFileReference; lastKnownFileType = sourcecode.swift; name = priceFormatter.swift; path = "/Users/guilermebarciki/Desktop/ESSE/Jade-Mainframe/priceFormatter.swift"; sourceTree = "<absolute>"; };
		C4674801267CE299002CB98D /* README.md */ = {isa = PBXFileReference; fileEncoding = 4; lastKnownFileType = net.daringfireball.markdown; path = README.md; sourceTree = "<group>"; };
/* End PBXFileReference section */

/* Begin PBXFrameworksBuildPhase section */
		4C0DDEBC267CDECF00B2B3BA /* Frameworks */ = {
			isa = PBXFrameworksBuildPhase;
			buildActionMask = 2147483647;
			files = (
				F38F8A32D13E83270366D7ED /* Pods_Jade_Mainframe.framework in Frameworks */,
			);
			runOnlyForDeploymentPostprocessing = 0;
		};
/* End PBXFrameworksBuildPhase section */

/* Begin PBXGroup section */
		4C0DDEB6267CDECF00B2B3BA = {
			isa = PBXGroup;
			children = (
				C4674801267CE299002CB98D /* README.md */,
				4C3DC5602680ED4700E5A297 /* swiftgen.yml */,
				4C0DDEC1267CDECF00B2B3BA /* Jade-Mainframe */,
				4C0DDEC0267CDECF00B2B3BA /* Products */,
				B290A4C4470D3EB990CDFC03 /* Pods */,
				D6BDE6BB41EC7F81CE865B48 /* Frameworks */,
			);
			sourceTree = "<group>";
		};
		4C0DDEC0267CDECF00B2B3BA /* Products */ = {
			isa = PBXGroup;
			children = (
				4C0DDEBF267CDECF00B2B3BA /* Jade-Mainframe.app */,
			);
			name = Products;
			sourceTree = "<group>";
		};
		4C0DDEC1267CDECF00B2B3BA /* Jade-Mainframe */ = {
			isa = PBXGroup;
			children = (
				4C0DDEC6267CDED000B2B3BA /* Assets.xcassets */,
				4C3DC56D2680F7FB00E5A297 /* Localizable.strings */,
				B2B3BDE526836BD2002E12D0 /* Data */,
				4C0DDED1267CE83D00B2B3BA /* Resources */,
				B2E6FC062684BE2100B217DA /* Shared */,
				4C0DDED4267CE8C100B2B3BA /* Views */,
				4C0DDEC2267CDECF00B2B3BA /* Jade_MainframeApp.swift */,
				4C0DDEC4267CDECF00B2B3BA /* ContentView.swift */,
				4C0DDECB267CDED000B2B3BA /* Info.plist */,
				4C0DDEC8267CDED000B2B3BA /* Preview Content */,
			);
			path = "Jade-Mainframe";
			sourceTree = "<group>";
		};
		4C0DDEC8267CDED000B2B3BA /* Preview Content */ = {
			isa = PBXGroup;
			children = (
				4C0DDEC9267CDED000B2B3BA /* Preview Assets.xcassets */,
			);
			path = "Preview Content";
			sourceTree = "<group>";
		};
		4C0DDED1267CE83D00B2B3BA /* Resources */ = {
			isa = PBXGroup;
			children = (
				4C3DC5662680F65100E5A297 /* SwiftGen */,
			);
			path = Resources;
			sourceTree = "<group>";
		};
		4C0DDED2267CE84300B2B3BA /* Components */ = {
			isa = PBXGroup;
			children = (
				B2B3BDEA2683E43A002E12D0 /* SearchBarView.swift */,
				4CD7BA802684AF59001E402A /* SearchBarViewModel.swift */,
				B2B3BDE12682759B002E12D0 /* CarouselView.swift */,
				4C713CD12683E9FC00D984B3 /* CarouselViewModel.swift */,
				4C0DDED7267CF08B00B2B3BA /* TextFieldView.swift */,
				4C713CCA2683D23000D984B3 /* TextFieldViewModel.swift */,
			);
			path = Components;
			sourceTree = "<group>";
		};
		4C0DDED4267CE8C100B2B3BA /* Views */ = {
			isa = PBXGroup;
			children = (
				4C0DDED2267CE84300B2B3BA /* Components */,
				4C0DDED5267CE9D500B2B3BA /* Scenes */,
			);
			path = Views;
			sourceTree = "<group>";
		};
		4C0DDED5267CE9D500B2B3BA /* Scenes */ = {
			isa = PBXGroup;
			children = (
			);
			path = Scenes;
			sourceTree = "<group>";
		};
		4C0DDED6267CEA9E00B2B3BA /* Fixtures */ = {
			isa = PBXGroup;
			children = (
				4C0DDED9267CF6D900B2B3BA /* TextFieldMock.swift */,
				B2B3BDE826836C28002E12D0 /* ProductMock.swift */,
			);
			path = Fixtures;
			sourceTree = "<group>";
		};
		4C3DC5662680F65100E5A297 /* SwiftGen */ = {
			isa = PBXGroup;
			children = (
				4C3DC5672680F7CD00E5A297 /* Assets.swift */,
				4C3DC5682680F7CD00E5A297 /* Strings.swift */,
			);
			path = SwiftGen;
			sourceTree = "<group>";
		};
		B290A4C4470D3EB990CDFC03 /* Pods */ = {
			isa = PBXGroup;
			children = (
				81EFD1C329974506B7B806C3 /* Pods-Jade-Mainframe.debug.xcconfig */,
				0914DF64E6FEB7C81331838B /* Pods-Jade-Mainframe.release.xcconfig */,
			);
			path = Pods;
			sourceTree = "<group>";
		};
		B2B3BDE526836BD2002E12D0 /* Data */ = {
			isa = PBXGroup;
			children = (
				4C0DDED6267CEA9E00B2B3BA /* Fixtures */,
				B2B3BDE626836C0A002E12D0 /* Product.swift */,
			);
			path = Data;
			sourceTree = "<group>";
		};
		B2E6FC062684BE2100B217DA /* Shared */ = {
			isa = PBXGroup;
			children = (
				B2E6FC072684BFF600B217DA /* priceFormatter.swift */,
			);
			name = Shared;
			path = ..;
			sourceTree = "<group>";
		};
		D6BDE6BB41EC7F81CE865B48 /* Frameworks */ = {
			isa = PBXGroup;
			children = (
				740EC21700B2FF8B68842D7C /* Pods_Jade_Mainframe.framework */,
			);
			name = Frameworks;
			sourceTree = "<group>";
		};
/* End PBXGroup section */

/* Begin PBXNativeTarget section */
		4C0DDEBE267CDECF00B2B3BA /* Jade-Mainframe */ = {
			isa = PBXNativeTarget;
			buildConfigurationList = 4C0DDECE267CDED000B2B3BA /* Build configuration list for PBXNativeTarget "Jade-Mainframe" */;
			buildPhases = (
				3B0E44F961378DDB7211BF25 /* [CP] Check Pods Manifest.lock */,
				4C3DC5702680FBF000E5A297 /* SwiftGen */,
				4C0DDEBB267CDECF00B2B3BA /* Sources */,
				4C0DDEBC267CDECF00B2B3BA /* Frameworks */,
				4C0DDEBD267CDECF00B2B3BA /* Resources */,
			);
			buildRules = (
			);
			dependencies = (
			);
			name = "Jade-Mainframe";
			productName = "Jade-Mainframe";
			productReference = 4C0DDEBF267CDECF00B2B3BA /* Jade-Mainframe.app */;
			productType = "com.apple.product-type.application";
		};
/* End PBXNativeTarget section */

/* Begin PBXProject section */
		4C0DDEB7267CDECF00B2B3BA /* Project object */ = {
			isa = PBXProject;
			attributes = {
				LastSwiftUpdateCheck = 1250;
				LastUpgradeCheck = 1250;
				TargetAttributes = {
					4C0DDEBE267CDECF00B2B3BA = {
						CreatedOnToolsVersion = 12.5;
					};
				};
			};
			buildConfigurationList = 4C0DDEBA267CDECF00B2B3BA /* Build configuration list for PBXProject "Jade-Mainframe" */;
			compatibilityVersion = "Xcode 9.3";
			developmentRegion = en;
			hasScannedForEncodings = 0;
			knownRegions = (
				en,
				Base,
			);
			mainGroup = 4C0DDEB6267CDECF00B2B3BA;
			productRefGroup = 4C0DDEC0267CDECF00B2B3BA /* Products */;
			projectDirPath = "";
			projectRoot = "";
			targets = (
				4C0DDEBE267CDECF00B2B3BA /* Jade-Mainframe */,
			);
		};
/* End PBXProject section */

/* Begin PBXResourcesBuildPhase section */
		4C0DDEBD267CDECF00B2B3BA /* Resources */ = {
			isa = PBXResourcesBuildPhase;
			buildActionMask = 2147483647;
			files = (
				C4674802267CE299002CB98D /* README.md in Resources */,
				4C3DC56F2680F7FB00E5A297 /* Localizable.strings in Resources */,
				4C0DDECA267CDED000B2B3BA /* Preview Assets.xcassets in Resources */,
				4C0DDEC7267CDED000B2B3BA /* Assets.xcassets in Resources */,
			);
			runOnlyForDeploymentPostprocessing = 0;
		};
/* End PBXResourcesBuildPhase section */

/* Begin PBXShellScriptBuildPhase section */
		3B0E44F961378DDB7211BF25 /* [CP] Check Pods Manifest.lock */ = {
			isa = PBXShellScriptBuildPhase;
			buildActionMask = 2147483647;
			files = (
			);
			inputFileListPaths = (
			);
			inputPaths = (
				"${PODS_PODFILE_DIR_PATH}/Podfile.lock",
				"${PODS_ROOT}/Manifest.lock",
			);
			name = "[CP] Check Pods Manifest.lock";
			outputFileListPaths = (
			);
			outputPaths = (
				"$(DERIVED_FILE_DIR)/Pods-Jade-Mainframe-checkManifestLockResult.txt",
			);
			runOnlyForDeploymentPostprocessing = 0;
			shellPath = /bin/sh;
			shellScript = "diff \"${PODS_PODFILE_DIR_PATH}/Podfile.lock\" \"${PODS_ROOT}/Manifest.lock\" > /dev/null\nif [ $? != 0 ] ; then\n    # print error to STDERR\n    echo \"error: The sandbox is not in sync with the Podfile.lock. Run 'pod install' or update your CocoaPods installation.\" >&2\n    exit 1\nfi\n# This output is used by Xcode 'outputs' to avoid re-running this script phase.\necho \"SUCCESS\" > \"${SCRIPT_OUTPUT_FILE_0}\"\n";
			showEnvVarsInLog = 0;
		};
		4C3DC5702680FBF000E5A297 /* SwiftGen */ = {
			isa = PBXShellScriptBuildPhase;
			buildActionMask = 2147483647;
			files = (
			);
			inputFileListPaths = (
			);
			inputPaths = (
			);
			name = SwiftGen;
			outputFileListPaths = (
			);
			outputPaths = (
			);
			runOnlyForDeploymentPostprocessing = 0;
			shellPath = /bin/sh;
			shellScript = "${PODS_ROOT}/SwiftGen/bin/swiftgen\n";
		};
/* End PBXShellScriptBuildPhase section */

/* Begin PBXSourcesBuildPhase section */
		4C0DDEBB267CDECF00B2B3BA /* Sources */ = {
			isa = PBXSourcesBuildPhase;
			buildActionMask = 2147483647;
			files = (
				4C0DDED8267CF08B00B2B3BA /* TextFieldView.swift in Sources */,
				B2B3BDE726836C0A002E12D0 /* Product.swift in Sources */,
				4C0DDEDA267CF6D900B2B3BA /* TextFieldMock.swift in Sources */,
				B2B3BDE926836C28002E12D0 /* ProductMock.swift in Sources */,
				4C713CD22683E9FC00D984B3 /* CarouselViewModel.swift in Sources */,
				4C0DDEC5267CDECF00B2B3BA /* ContentView.swift in Sources */,
				4C3DC5692680F7CD00E5A297 /* Assets.swift in Sources */,
				4C713CCB2683D23000D984B3 /* TextFieldViewModel.swift in Sources */,
				B2B3BDEB2683E43A002E12D0 /* SearchBarView.swift in Sources */,
				4C3DC56A2680F7CD00E5A297 /* Strings.swift in Sources */,
				4CD7BA812684AF59001E402A /* SearchBarViewModel.swift in Sources */,
				B2B3BDE22682759B002E12D0 /* CarouselView.swift in Sources */,
				B2E6FC092684C00B00B217DA /* priceFormatter.swift in Sources */,
				4C0DDEC3267CDECF00B2B3BA /* Jade_MainframeApp.swift in Sources */,
			);
			runOnlyForDeploymentPostprocessing = 0;
		};
/* End PBXSourcesBuildPhase section */

/* Begin PBXVariantGroup section */
		4C3DC56D2680F7FB00E5A297 /* Localizable.strings */ = {
			isa = PBXVariantGroup;
			children = (
				4C3DC56E2680F7FB00E5A297 /* Base */,
			);
			name = Localizable.strings;
			sourceTree = "<group>";
		};
/* End PBXVariantGroup section */

/* Begin XCBuildConfiguration section */
		4C0DDECC267CDED000B2B3BA /* Debug */ = {
			isa = XCBuildConfiguration;
			buildSettings = {
				ALWAYS_SEARCH_USER_PATHS = NO;
				CLANG_ANALYZER_NONNULL = YES;
				CLANG_ANALYZER_NUMBER_OBJECT_CONVERSION = YES_AGGRESSIVE;
				CLANG_CXX_LANGUAGE_STANDARD = "gnu++14";
				CLANG_CXX_LIBRARY = "libc++";
				CLANG_ENABLE_MODULES = YES;
				CLANG_ENABLE_OBJC_ARC = YES;
				CLANG_ENABLE_OBJC_WEAK = YES;
				CLANG_WARN_BLOCK_CAPTURE_AUTORELEASING = YES;
				CLANG_WARN_BOOL_CONVERSION = YES;
				CLANG_WARN_COMMA = YES;
				CLANG_WARN_CONSTANT_CONVERSION = YES;
				CLANG_WARN_DEPRECATED_OBJC_IMPLEMENTATIONS = YES;
				CLANG_WARN_DIRECT_OBJC_ISA_USAGE = YES_ERROR;
				CLANG_WARN_DOCUMENTATION_COMMENTS = YES;
				CLANG_WARN_EMPTY_BODY = YES;
				CLANG_WARN_ENUM_CONVERSION = YES;
				CLANG_WARN_INFINITE_RECURSION = YES;
				CLANG_WARN_INT_CONVERSION = YES;
				CLANG_WARN_NON_LITERAL_NULL_CONVERSION = YES;
				CLANG_WARN_OBJC_IMPLICIT_RETAIN_SELF = YES;
				CLANG_WARN_OBJC_LITERAL_CONVERSION = YES;
				CLANG_WARN_OBJC_ROOT_CLASS = YES_ERROR;
				CLANG_WARN_QUOTED_INCLUDE_IN_FRAMEWORK_HEADER = YES;
				CLANG_WARN_RANGE_LOOP_ANALYSIS = YES;
				CLANG_WARN_STRICT_PROTOTYPES = YES;
				CLANG_WARN_SUSPICIOUS_MOVE = YES;
				CLANG_WARN_UNGUARDED_AVAILABILITY = YES_AGGRESSIVE;
				CLANG_WARN_UNREACHABLE_CODE = YES;
				CLANG_WARN__DUPLICATE_METHOD_MATCH = YES;
				COPY_PHASE_STRIP = NO;
				DEBUG_INFORMATION_FORMAT = dwarf;
				ENABLE_STRICT_OBJC_MSGSEND = YES;
				ENABLE_TESTABILITY = YES;
				GCC_C_LANGUAGE_STANDARD = gnu11;
				GCC_DYNAMIC_NO_PIC = NO;
				GCC_NO_COMMON_BLOCKS = YES;
				GCC_OPTIMIZATION_LEVEL = 0;
				GCC_PREPROCESSOR_DEFINITIONS = (
					"DEBUG=1",
					"$(inherited)",
				);
				GCC_WARN_64_TO_32_BIT_CONVERSION = YES;
				GCC_WARN_ABOUT_RETURN_TYPE = YES_ERROR;
				GCC_WARN_UNDECLARED_SELECTOR = YES;
				GCC_WARN_UNINITIALIZED_AUTOS = YES_AGGRESSIVE;
				GCC_WARN_UNUSED_FUNCTION = YES;
				GCC_WARN_UNUSED_VARIABLE = YES;
				IPHONEOS_DEPLOYMENT_TARGET = 14.5;
				MTL_ENABLE_DEBUG_INFO = INCLUDE_SOURCE;
				MTL_FAST_MATH = YES;
				ONLY_ACTIVE_ARCH = YES;
				SDKROOT = iphoneos;
				SWIFT_ACTIVE_COMPILATION_CONDITIONS = DEBUG;
				SWIFT_OPTIMIZATION_LEVEL = "-Onone";
			};
			name = Debug;
		};
		4C0DDECD267CDED000B2B3BA /* Release */ = {
			isa = XCBuildConfiguration;
			buildSettings = {
				ALWAYS_SEARCH_USER_PATHS = NO;
				CLANG_ANALYZER_NONNULL = YES;
				CLANG_ANALYZER_NUMBER_OBJECT_CONVERSION = YES_AGGRESSIVE;
				CLANG_CXX_LANGUAGE_STANDARD = "gnu++14";
				CLANG_CXX_LIBRARY = "libc++";
				CLANG_ENABLE_MODULES = YES;
				CLANG_ENABLE_OBJC_ARC = YES;
				CLANG_ENABLE_OBJC_WEAK = YES;
				CLANG_WARN_BLOCK_CAPTURE_AUTORELEASING = YES;
				CLANG_WARN_BOOL_CONVERSION = YES;
				CLANG_WARN_COMMA = YES;
				CLANG_WARN_CONSTANT_CONVERSION = YES;
				CLANG_WARN_DEPRECATED_OBJC_IMPLEMENTATIONS = YES;
				CLANG_WARN_DIRECT_OBJC_ISA_USAGE = YES_ERROR;
				CLANG_WARN_DOCUMENTATION_COMMENTS = YES;
				CLANG_WARN_EMPTY_BODY = YES;
				CLANG_WARN_ENUM_CONVERSION = YES;
				CLANG_WARN_INFINITE_RECURSION = YES;
				CLANG_WARN_INT_CONVERSION = YES;
				CLANG_WARN_NON_LITERAL_NULL_CONVERSION = YES;
				CLANG_WARN_OBJC_IMPLICIT_RETAIN_SELF = YES;
				CLANG_WARN_OBJC_LITERAL_CONVERSION = YES;
				CLANG_WARN_OBJC_ROOT_CLASS = YES_ERROR;
				CLANG_WARN_QUOTED_INCLUDE_IN_FRAMEWORK_HEADER = YES;
				CLANG_WARN_RANGE_LOOP_ANALYSIS = YES;
				CLANG_WARN_STRICT_PROTOTYPES = YES;
				CLANG_WARN_SUSPICIOUS_MOVE = YES;
				CLANG_WARN_UNGUARDED_AVAILABILITY = YES_AGGRESSIVE;
				CLANG_WARN_UNREACHABLE_CODE = YES;
				CLANG_WARN__DUPLICATE_METHOD_MATCH = YES;
				COPY_PHASE_STRIP = NO;
				DEBUG_INFORMATION_FORMAT = "dwarf-with-dsym";
				ENABLE_NS_ASSERTIONS = NO;
				ENABLE_STRICT_OBJC_MSGSEND = YES;
				GCC_C_LANGUAGE_STANDARD = gnu11;
				GCC_NO_COMMON_BLOCKS = YES;
				GCC_WARN_64_TO_32_BIT_CONVERSION = YES;
				GCC_WARN_ABOUT_RETURN_TYPE = YES_ERROR;
				GCC_WARN_UNDECLARED_SELECTOR = YES;
				GCC_WARN_UNINITIALIZED_AUTOS = YES_AGGRESSIVE;
				GCC_WARN_UNUSED_FUNCTION = YES;
				GCC_WARN_UNUSED_VARIABLE = YES;
				IPHONEOS_DEPLOYMENT_TARGET = 14.5;
				MTL_ENABLE_DEBUG_INFO = NO;
				MTL_FAST_MATH = YES;
				SDKROOT = iphoneos;
				SWIFT_COMPILATION_MODE = wholemodule;
				SWIFT_OPTIMIZATION_LEVEL = "-O";
				VALIDATE_PRODUCT = YES;
			};
			name = Release;
		};
		4C0DDECF267CDED000B2B3BA /* Debug */ = {
			isa = XCBuildConfiguration;
			baseConfigurationReference = 81EFD1C329974506B7B806C3 /* Pods-Jade-Mainframe.debug.xcconfig */;
			buildSettings = {
				ASSETCATALOG_COMPILER_APPICON_NAME = AppIcon;
				ASSETCATALOG_COMPILER_GLOBAL_ACCENT_COLOR_NAME = AccentColor;
				CODE_SIGN_IDENTITY = "Apple Development";
				CODE_SIGN_STYLE = Automatic;
				DEVELOPMENT_ASSET_PATHS = "\"Jade-Mainframe/Preview Content\"";
				DEVELOPMENT_TEAM = H7BM7N56V5;
				ENABLE_PREVIEWS = YES;
				INFOPLIST_FILE = "Jade-Mainframe/Info.plist";
				IPHONEOS_DEPLOYMENT_TARGET = 14.0;
				LD_RUNPATH_SEARCH_PATHS = (
					"$(inherited)",
					"@executable_path/Frameworks",
				);
				PRODUCT_BUNDLE_IDENTIFIER = "wonder-tram.Jade-Mainframe";
				PRODUCT_NAME = "$(TARGET_NAME)";
				PROVISIONING_PROFILE_SPECIFIER = "";
				SWIFT_VERSION = 5.0;
				TARGETED_DEVICE_FAMILY = "1,2";
			};
			name = Debug;
		};
		4C0DDED0267CDED000B2B3BA /* Release */ = {
			isa = XCBuildConfiguration;
			baseConfigurationReference = 0914DF64E6FEB7C81331838B /* Pods-Jade-Mainframe.release.xcconfig */;
			buildSettings = {
				ASSETCATALOG_COMPILER_APPICON_NAME = AppIcon;
				ASSETCATALOG_COMPILER_GLOBAL_ACCENT_COLOR_NAME = AccentColor;
				CODE_SIGN_IDENTITY = "Apple Development";
				CODE_SIGN_STYLE = Automatic;
				DEVELOPMENT_ASSET_PATHS = "\"Jade-Mainframe/Preview Content\"";
				DEVELOPMENT_TEAM = H7BM7N56V5;
				ENABLE_PREVIEWS = YES;
				INFOPLIST_FILE = "Jade-Mainframe/Info.plist";
				IPHONEOS_DEPLOYMENT_TARGET = 14.0;
				LD_RUNPATH_SEARCH_PATHS = (
					"$(inherited)",
					"@executable_path/Frameworks",
				);
				PRODUCT_BUNDLE_IDENTIFIER = "wonder-tram.Jade-Mainframe";
				PRODUCT_NAME = "$(TARGET_NAME)";
				PROVISIONING_PROFILE_SPECIFIER = "";
				SWIFT_VERSION = 5.0;
				TARGETED_DEVICE_FAMILY = "1,2";
			};
			name = Release;
		};
/* End XCBuildConfiguration section */

/* Begin XCConfigurationList section */
		4C0DDEBA267CDECF00B2B3BA /* Build configuration list for PBXProject "Jade-Mainframe" */ = {
			isa = XCConfigurationList;
			buildConfigurations = (
				4C0DDECC267CDED000B2B3BA /* Debug */,
				4C0DDECD267CDED000B2B3BA /* Release */,
			);
			defaultConfigurationIsVisible = 0;
			defaultConfigurationName = Release;
		};
		4C0DDECE267CDED000B2B3BA /* Build configuration list for PBXNativeTarget "Jade-Mainframe" */ = {
			isa = XCConfigurationList;
			buildConfigurations = (
				4C0DDECF267CDED000B2B3BA /* Debug */,
				4C0DDED0267CDED000B2B3BA /* Release */,
			);
			defaultConfigurationIsVisible = 0;
			defaultConfigurationName = Release;
		};
/* End XCConfigurationList section */
	};
	rootObject = 4C0DDEB7267CDECF00B2B3BA /* Project object */;
}
